
Microsoft Visual Studio Solution File, Format Version 12.00
# Visual Studio Version 17
VisualStudioVersion = 17.14.36429.23 d17.14
MinimumVisualStudioVersion = 10.0.40219.1
Project("{8BC9CEB8-8B4A-11D0-8D11-00A0C91BC942}") = "lab3-4", "lab3-4.vcxproj", "{9B61FA08-FB59-493F-8E00-7E825D58771C}"
EndProject
Global
	GlobalSection(SolutionConfigurationPlatforms) = preSolution
		Debug|x64 = Debug|x64
		Debug|x86 = Debug|x86
		Release|x64 = Release|x64
		Release|x86 = Release|x86
	EndGlobalSection
	GlobalSection(ProjectConfigurationPlatforms) = postSolution
		{9B61FA08-FB59-493F-8E00-7E825D58771C}.Debug|x64.ActiveCfg = Debug|x64
		{9B61FA08-FB59-493F-8E00-7E825D58771C}.Debug|x64.Build.0 = Debug|x64
		{9B61FA08-FB59-493F-8E00-7E825D58771C}.Debug|x86.ActiveCfg = Debug|Win32
		{9B61FA08-FB59-493F-8E00-7E825D58771C}.Debug|x86.Build.0 = Debug|Win32
		{9B61FA08-FB59-493F-8E00-7E825D58771C}.Release|x64.ActiveCfg = Release|x64
		{9B61FA08-FB59-493F-8E00-7E825D58771C}.Release|x64.Build.0 = Release|x64
		{9B61FA08-FB59-493F-8E00-7E825D58771C}.Release|x86.ActiveCfg = Release|Win32
		{9B61FA08-FB59-493F-8E00-7E825D58771C}.Release|x86.Build.0 = Release|Win32
	EndGlobalSection
	GlobalSection(SolutionProperties) = preSolution
		HideSolutionNode = FALSE
	EndGlobalSection
	GlobalSection(ExtensibilityGlobals) = postSolution
		SolutionGuid = {A682484D-EB6D-4AA5-8E2E-BFA33CB6AE33}
	EndGlobalSection
EndGlobal
